
Microsoft Visual Studio Solution File, Format Version 11.00
# Visual Studio 2010
Project("{F184B08F-C81C-45F6-A57F-5ABD9991F28F}") = "WindowsApplication11", "WindowsApplication11\WindowsApplication11.vbproj", "{55142048-1EF9-42B7-A298-73A24C45353E}"
EndProject
Global
	GlobalSection(SolutionConfigurationPlatforms) = preSolution
		Debug|x86 = Debug|x86
		Release|x86 = Release|x86
	EndGlobalSection
	GlobalSection(ProjectConfigurationPlatforms) = postSolution
		{55142048-1EF9-42B7-A298-73A24C45353E}.Debug|x86.ActiveCfg = Debug|x86
		{55142048-1EF9-42B7-A298-73A24C45353E}.Debug|x86.Build.0 = Debug|x86
		{55142048-1EF9-42B7-A298-73A24C45353E}.Release|x86.ActiveCfg = Release|x86
		{55142048-1EF9-42B7-A298-73A24C45353E}.Release|x86.Build.0 = Release|x86
	EndGlobalSection
	GlobalSection(SolutionProperties) = preSolution
		HideSolutionNode = FALSE
	EndGlobalSection
EndGlobal
